{
  "lockfileVersion": 1,
  "workspaces": {
    "": {
      "name": "sophy-desktop",
      "dependencies": {
        "@pixiv/three-vrm": "^3.4.2",
        "@pixiv/three-vrm-animation": "^3.4.2",
        "bun": "^1.2.21",
        "electrobun": "^0.1.2",
        "install": "^0.13.0",
        "tree": "^0.1.3",
      },
      "devDependencies": {
        "@types/bun": "latest",
      },
      "peerDependencies": {
        "typescript": "^5",
      },
    },
  },
  "packages": {
    "@isaacs/cliui": ["@isaacs/cliui@8.0.2", "", { "dependencies": { "string-width": "^5.1.2", "string-width-cjs": "npm:string-width@^4.2.0", "strip-ansi": "^7.0.1", "strip-ansi-cjs": "npm:strip-ansi@^6.0.1", "wrap-ansi": "^8.1.0", "wrap-ansi-cjs": "npm:wrap-ansi@^7.0.0" } }, "sha512-O8jcjabXaleOG9DQ0+ARXWZBTfnP4WNAqzuiJK7ll44AmxGKv/J2M4TPjxjY3znBCfvBXFzucm1twdyFybFqEA=="],

    "@oneidentity/zstd-js": ["@oneidentity/zstd-js@1.0.3", "", { "dependencies": { "@types/emscripten": "^1.39.4" } }, "sha512-Jm6sawqxLzBrjC4sg2BeXToa33yPzUmq20CKsehKY2++D/gHb/oSwVjNgT+RH4vys+r8FynrgcNzGwhZWMLzfQ=="],

    "@oven/bun-darwin-aarch64": ["@oven/bun-darwin-aarch64@1.2.21", "", { "os": "darwin", "cpu": "arm64" }, "sha512-SihfZ3czKeWz6Z3m5rUDrMlarwOXjnkUg+7tIiSB9VZCFSvWEItMfdAF170eCXxZmEh7A1dw20a3lW37lkmlrA=="],

    "@oven/bun-darwin-x64": ["@oven/bun-darwin-x64@1.2.21", "", { "os": "darwin", "cpu": "x64" }, "sha512-iXr4y2ap6EmME7/EDoLMxSRKAh9yswKfrHDb9sF+ExHbk1C+XsNGxMY73ckQe2w0SIH6NXz2cRMTORbZ8LNjig=="],

    "@oven/bun-darwin-x64-baseline": ["@oven/bun-darwin-x64-baseline@1.2.21", "", { "os": "darwin", "cpu": "x64" }, "sha512-3KeslC5z3vpXxluYBqh6EDwojxTSyWJQeYPJFf7y/Z5QJuAN7g33l8jrx072X8P/G8CBzU1lJky14vhhnqWd7A=="],

    "@oven/bun-linux-aarch64": ["@oven/bun-linux-aarch64@1.2.21", "", { "os": "linux", "cpu": "arm64" }, "sha512-jpUFKGUpim4h4KOqI1VYYgvifZVrWNQZFrmVPfSqGb0ZzF/p5L2qc9Hy2aUL3Lo+zHMPylwbe0iLKElPYk0xoQ=="],

    "@oven/bun-linux-aarch64-musl": ["@oven/bun-linux-aarch64-musl@1.2.21", "", { "os": "linux", "cpu": "none" }, "sha512-7UoUHKACYDin3iR6kdqUrF1AOCCjTHPTv1xmzlX4rzwNQvFYSAR83AMrY7hkatKGzLYkI8EjXDAvFJpwF+ZxoA=="],

    "@oven/bun-linux-x64": ["@oven/bun-linux-x64@1.2.21", "", { "os": "linux", "cpu": "x64" }, "sha512-6RuXFaVU2ve0TVw1vfFo7ix/jh9IX7mMAEhwE2odX8EdX/ea55upiivYQ/EKeXt+Ij3STc2bCeV4vvRoEJAHdg=="],

    "@oven/bun-linux-x64-baseline": ["@oven/bun-linux-x64-baseline@1.2.21", "", { "os": "linux", "cpu": "x64" }, "sha512-oZ5FUMfeghwbQcL9oxajsKjwVI+1GnVvxcJ3z+pifuXaLMZr25NCr5h0q2j+ZxEFL3RtL/Pyj8/HLfzGEIVAVg=="],

    "@oven/bun-linux-x64-musl": ["@oven/bun-linux-x64-musl@1.2.21", "", { "os": "linux", "cpu": "x64" }, "sha512-ioZjU+2yyLJXaDA8FKoy+tj/fuZKovG9EMp+n9+EG7g3MULbe5nU8gdsS/dET28WzuPlDlSkqF8EUocvg4HajQ=="],

    "@oven/bun-linux-x64-musl-baseline": ["@oven/bun-linux-x64-musl-baseline@1.2.21", "", { "os": "linux", "cpu": "x64" }, "sha512-0NzMg4XdXgujDM2jZogiV6MgACXW0a0NfB+o6fxwmUzdmMBUk1ZMRzypUi4XKjGUe89mYcPJcVFQRRnNwzTK/Q=="],

    "@oven/bun-windows-x64": ["@oven/bun-windows-x64@1.2.21", "", { "os": "win32", "cpu": "x64" }, "sha512-DZVCXrZGN/B4JnVnieZin1Kxse1wOkf+Fm2hDGpZHzs27ECbw5xPMFIc0r/oCpxTc/InxuvYO9UGoOmvhFaHsQ=="],

    "@oven/bun-windows-x64-baseline": ["@oven/bun-windows-x64-baseline@1.2.21", "", { "os": "win32", "cpu": "x64" }, "sha512-sTnkLdThgsa6X8ib6eb3+zgy+CGJOibK6Th4wV2wmZFi5af6TM+digEi9i+q/X3nabGwPXm0V4vBiVpvcFilsA=="],

    "@pixiv/three-vrm": ["@pixiv/three-vrm@3.4.2", "", { "dependencies": { "@pixiv/three-vrm-core": "3.4.2", "@pixiv/three-vrm-materials-hdr-emissive-multiplier": "3.4.2", "@pixiv/three-vrm-materials-mtoon": "3.4.2", "@pixiv/three-vrm-materials-v0compat": "3.4.2", "@pixiv/three-vrm-node-constraint": "3.4.2", "@pixiv/three-vrm-springbone": "3.4.2" }, "peerDependencies": { "three": ">=0.137" } }, "sha512-Q3WLZ2Keh3y1GOhxWFieQCXsi+O9cGoPJD7GxQI6VJIEGuWXF0ghPND7RNUd1/AM2/Al7ChuWyaqyGq7j5/0/w=="],

    "@pixiv/three-vrm-animation": ["@pixiv/three-vrm-animation@3.4.2", "", { "dependencies": { "@pixiv/three-vrm-core": "3.4.2", "@pixiv/types-vrmc-vrm-1.0": "3.4.2", "@pixiv/types-vrmc-vrm-animation-1.0": "3.4.2" }, "peerDependencies": { "three": ">=0.137" } }, "sha512-VB5Jem7T+mnxbExQbzOIXq+4pJ1VxfGYutZBC53lAQdGnS17usTwWqzZBEE5thT0k4Y/pJwhwFQ2YlOZfrIYng=="],

    "@pixiv/three-vrm-core": ["@pixiv/three-vrm-core@3.4.2", "", { "dependencies": { "@pixiv/types-vrm-0.0": "3.4.2", "@pixiv/types-vrmc-vrm-1.0": "3.4.2" }, "peerDependencies": { "three": ">=0.137" } }, "sha512-ucdf5hzCcgc421UVjhBQK3VpnodDdOJFf/3RY9glD4RLj0iURZ4hTd4zKXhSITKSS/IisRgU4J2lDhtU0u7e3g=="],

    "@pixiv/three-vrm-materials-hdr-emissive-multiplier": ["@pixiv/three-vrm-materials-hdr-emissive-multiplier@3.4.2", "", { "dependencies": { "@pixiv/types-vrmc-materials-hdr-emissive-multiplier-1.0": "3.4.2" }, "peerDependencies": { "three": ">=0.137" } }, "sha512-OuDBao5GRfAefPXK4w4su2AzM/yGvqYYfZQaQryyhSzQbA1UV8EpW4xfrWjdGJ4HiD98L9hVeObZrjZyq2ZVkA=="],

    "@pixiv/three-vrm-materials-mtoon": ["@pixiv/three-vrm-materials-mtoon@3.4.2", "", { "dependencies": { "@pixiv/types-vrm-0.0": "3.4.2", "@pixiv/types-vrmc-materials-mtoon-1.0": "3.4.2" }, "peerDependencies": { "three": ">=0.137" } }, "sha512-UH0ZwF3oWyxr+FwIc4CBdBKsGKfPsaDPt8/lplX+D8oExNZ4eKBSKUaNytV6XhxgWR5a0ZPoZJUzvsCzjv0BPQ=="],

    "@pixiv/three-vrm-materials-v0compat": ["@pixiv/three-vrm-materials-v0compat@3.4.2", "", { "dependencies": { "@pixiv/types-vrm-0.0": "3.4.2", "@pixiv/types-vrmc-materials-mtoon-1.0": "3.4.2" }, "peerDependencies": { "three": ">=0.137" } }, "sha512-h1E/CB3h3f3iK0QnzzfeBy4C2GiiSkSf6q4OSYg26Qnyvl8iCPduqukm85yD5xuyDU3i1KzimuWj0n1Ah3s6kw=="],

    "@pixiv/three-vrm-node-constraint": ["@pixiv/three-vrm-node-constraint@3.4.2", "", { "dependencies": { "@pixiv/types-vrmc-node-constraint-1.0": "3.4.2" }, "peerDependencies": { "three": ">=0.137" } }, "sha512-KjkvsZv91naCkblOttM46JdJP2UdKCd+fAxewnVAc+FWkS5qUA1fiKZhWz06JuO1yMVMY3/OohnIlDfRGtdq6A=="],

    "@pixiv/three-vrm-springbone": ["@pixiv/three-vrm-springbone@3.4.2", "", { "dependencies": { "@pixiv/types-vrm-0.0": "3.4.2", "@pixiv/types-vrmc-springbone-1.0": "3.4.2", "@pixiv/types-vrmc-springbone-extended-collider-1.0": "3.4.2" }, "peerDependencies": { "three": ">=0.137" } }, "sha512-4IUOHehnWkg2ZhipCGpSppB7lfR+/GuLVLp42N5jQi6Tf3keAm/tXwDeGgJO2o9AgcDW2Gq3/MFxkcSfvojKCw=="],

    "@pixiv/types-vrm-0.0": ["@pixiv/types-vrm-0.0@3.4.2", "", {}, "sha512-Y8jELwRGYW5GkO0Q9SQ2XOwGHgbKiLB3bRedpRELCEJVki2vWWkNoK8MqyuXmBEk2pQdaU5YDJ1mDpdCNVaIDA=="],

    "@pixiv/types-vrmc-materials-hdr-emissive-multiplier-1.0": ["@pixiv/types-vrmc-materials-hdr-emissive-multiplier-1.0@3.4.2", "", {}, "sha512-kqo08aM9mPq9c9sfq8x+TxhrhuF41aaCeOoDAcSfwcOQgXrZt6ZFbyiiI9ViMpeuCZ8bSjjN6f5Opf3BwbYMLQ=="],

    "@pixiv/types-vrmc-materials-mtoon-1.0": ["@pixiv/types-vrmc-materials-mtoon-1.0@3.4.2", "", {}, "sha512-VVcY7SniFh+wj0fNA/MDWr7ST6AWoaKtlxzC/ZyQd28zxjRgGbe40OGdref64rBxGwIV8JfBXgtYUxrJ2BN5DQ=="],

    "@pixiv/types-vrmc-node-constraint-1.0": ["@pixiv/types-vrmc-node-constraint-1.0@3.4.2", "", {}, "sha512-DIkmUxeyaAl6iMiH20ug+ns2trnQPvi5lU0Hf3r/g4Ikq+8WRDcX3pggG1Uihr6xAy4S4lc7u5dS5lLDrAEsbw=="],

    "@pixiv/types-vrmc-springbone-1.0": ["@pixiv/types-vrmc-springbone-1.0@3.4.2", "", {}, "sha512-xbwsSPl31vltmYW9ADX6DxgnGZcXhhsqkcY4Jr6N0xCxH+H1V0qv5vNhN/+ntBMccQul35CtzNpXZohJ5zB1wA=="],

    "@pixiv/types-vrmc-springbone-extended-collider-1.0": ["@pixiv/types-vrmc-springbone-extended-collider-1.0@3.4.2", "", {}, "sha512-4leeV4KmG8cw98L0vAVrv5XsyGmIEr4iTr5rZ2dTOW2KJjoA458mBWnlKImj2n6bVCoqgExvt6IIi2AFnJgWjA=="],

    "@pixiv/types-vrmc-vrm-1.0": ["@pixiv/types-vrmc-vrm-1.0@3.4.2", "", {}, "sha512-AcbcDDtPevbmds2N7HUfPb/eKbMlbDaS4VADUNC2uO4pQDHa4vi1gDDxneYNFq4htQ2VUco9Yhqr5idp2MofOg=="],

    "@pixiv/types-vrmc-vrm-animation-1.0": ["@pixiv/types-vrmc-vrm-animation-1.0@3.4.2", "", { "dependencies": { "@pixiv/types-vrmc-vrm-1.0": "2.0.3" } }, "sha512-Ml+ka0WCB7+UobfT73p9yguY121l1kdxTsDygdL5QW/dSRV9P2JuNW78drIy8LKjMucMK0vQFasBmjfT9BYLzw=="],

    "@pkgjs/parseargs": ["@pkgjs/parseargs@0.11.0", "", {}, "sha512-+1VkjdD0QBLPodGrJUeqarH8VAIvQODIbwh9XpP5Syisf7YoQgsJKPNFoqqLQlu+VQ/tVSshMR6loPMn8U+dPg=="],

    "@types/bun": ["@types/bun@1.2.21", "", { "dependencies": { "bun-types": "1.2.21" } }, "sha512-NiDnvEqmbfQ6dmZ3EeUO577s4P5bf4HCTXtI6trMc6f6RzirY5IrF3aIookuSpyslFzrnvv2lmEWv5HyC1X79A=="],

    "@types/emscripten": ["@types/emscripten@1.41.1", "", {}, "sha512-vW2aEgBUU1c2CB+qVMislA98amRVPszdALjqNCuUIJaEFZsNaFaM4g5IMXIs+6oHbmmb7q6zeXYubhtObJ9ZLg=="],

    "@types/filesystem": ["@types/filesystem@0.0.36", "", { "dependencies": { "@types/filewriter": "*" } }, "sha512-vPDXOZuannb9FZdxgHnqSwAG/jvdGM8Wq+6N4D/d80z+D4HWH+bItqsZaVRQykAn6WEVeEkLm2oQigyHtgb0RA=="],

    "@types/filewriter": ["@types/filewriter@0.0.33", "", {}, "sha512-xFU8ZXTw4gd358lb2jw25nxY9QAgqn2+bKKjKOYfNCzN4DKCFetK7sPtrlpg66Ywe3vWY9FNxprZawAh9wfJ3g=="],

    "@types/har-format": ["@types/har-format@1.2.16", "", {}, "sha512-fluxdy7ryD3MV6h8pTfTYpy/xQzCFC7m89nOH9y94cNqJ1mDIDPut7MnRHI3F6qRmh/cT2fUjG1MLdCNb4hE9A=="],

    "@types/node": ["@types/node@24.3.1", "", { "dependencies": { "undici-types": "~7.10.0" } }, "sha512-3vXmQDXy+woz+gnrTvuvNrPzekOi+Ds0ReMxw0LzBiK3a+1k0kQn9f2NWk+lgD4rJehFUmYy2gMhJ2ZI+7YP9g=="],

    "@types/react": ["@types/react@19.1.12", "", { "dependencies": { "csstype": "^3.0.2" } }, "sha512-cMoR+FoAf/Jyq6+Df2/Z41jISvGZZ2eTlnsaJRptmZ76Caldwy1odD4xTr/gNV9VLj0AWgg/nmkevIyUfIIq5w=="],

    "@types/webextension-polyfill": ["@types/webextension-polyfill@0.12.3", "", {}, "sha512-F58aDVSeN/MjUGazXo/cPsmR76EvqQhQ1v4x23hFjUX0cfAJYE+JBWwiOGW36/VJGGxoH74sVlRIF3z7SJCKyg=="],

    "abort-controller": ["abort-controller@3.0.0", "", { "dependencies": { "event-target-shim": "^5.0.0" } }, "sha512-h8lQ8tacZYnR3vNQTgibj+tODHI5/+l06Au2Pcriv/Gmet0eaj4TwWH41sO9wnHDiQsEj19q0drzdWdeAHtweg=="],

    "ansi-regex": ["ansi-regex@6.2.0", "", {}, "sha512-TKY5pyBkHyADOPYlRT9Lx6F544mPl0vS5Ew7BJ45hA08Q+t3GjbueLliBWN3sMICk6+y7HdyxSzC4bWS8baBdg=="],

    "ansi-styles": ["ansi-styles@6.2.1", "", {}, "sha512-bN798gFfQX+viw3R7yrGWRqnrN2oRkEkUjjl4JNn4E8GxxbjtG3FbrEIIY3l8/hrwUwIeCZvi4QuOTP4MErVug=="],

    "archiver": ["archiver@7.0.1", "", { "dependencies": { "archiver-utils": "^5.0.2", "async": "^3.2.4", "buffer-crc32": "^1.0.0", "readable-stream": "^4.0.0", "readdir-glob": "^1.1.2", "tar-stream": "^3.0.0", "zip-stream": "^6.0.1" } }, "sha512-ZcbTaIqJOfCc03QwD468Unz/5Ir8ATtvAHsK+FdXbDIbGfihqh9mrvdcYunQzqn4HrvWWaFyaxJhGZagaJJpPQ=="],

    "archiver-utils": ["archiver-utils@5.0.2", "", { "dependencies": { "glob": "^10.0.0", "graceful-fs": "^4.2.0", "is-stream": "^2.0.1", "lazystream": "^1.0.0", "lodash": "^4.17.15", "normalize-path": "^3.0.0", "readable-stream": "^4.0.0" } }, "sha512-wuLJMmIBQYCsGZgYLTy5FIB2pF6Lfb6cXMSF8Qywwk3t20zWnAi7zLcQFdKQmIB8wyZpY5ER38x08GbwtR2cLA=="],

    "async": ["async@3.2.6", "", {}, "sha512-htCUDlxyyCLMgaM3xXg0C0LW2xqfuQ6p05pCEIsXuyQ+a1koYKTuBMzRNwmybfLgvJDMd0r1LTn4+E0Ti6C2AA=="],

    "b4a": ["b4a@1.6.7", "", {}, "sha512-OnAYlL5b7LEkALw87fUVafQw5rVR9RjwGd4KUwNQ6DrrNmaVaUCgLipfVlzrPQ4tWOR9P0IXGNOx50jYCCdSJg=="],

    "balanced-match": ["balanced-match@1.0.2", "", {}, "sha512-3oSeUO0TMV67hN1AmbXsK4yaqU7tjiHlbxRDZOpH0KW9+CeX4bRAaX0Anxt0tx2MrpRpWwQaPwIlISEJhYU5Pw=="],

    "bare-events": ["bare-events@2.6.1", "", {}, "sha512-AuTJkq9XmE6Vk0FJVNq5QxETrSA/vKHarWVBG5l/JbdCL1prJemiyJqUS0jrlXO0MftuPq4m3YVYhoNc5+aE/g=="],

    "base64-js": ["base64-js@1.5.1", "", {}, "sha512-AKpaYlHn8t4SVbOHCy+b5+KKgvR4vrsD8vbvrbiQJps7fKDTkjkDry6ji0rUJjC0kzbNePLwzxq8iypo41qeWA=="],

    "brace-expansion": ["brace-expansion@2.0.2", "", { "dependencies": { "balanced-match": "^1.0.0" } }, "sha512-Jt0vHyM+jmUBqojB7E1NIYadt0vI0Qxjxd2TErW94wDz+E2LAm5vKMXXwg6ZZBTHPuUlDgQHKXvjGBdfcF1ZDQ=="],

    "browser-namespace": ["browser-namespace@1.4.0", "", { "dependencies": { "@types/filesystem": "*", "@types/har-format": "*", "@types/webextension-polyfill": "*" } }, "sha512-9b4yNTNs+8HVPssSq8RSZMRunf+G4cVQ2PMtOTn+uEVFOW5C0Uo+eGXuJ5LfxS1UDph5oAdWj92thPyxVhpqXg=="],

    "buffer": ["buffer@6.0.3", "", { "dependencies": { "base64-js": "^1.3.1", "ieee754": "^1.2.1" } }, "sha512-FTiCpNxtwiZZHEZbcbTIcZjERVICn9yq/pDFkTl95/AxzD1naBctN7YO68riM/gLSDY7sdrMby8hofADYuuqOA=="],

    "buffer-crc32": ["buffer-crc32@1.0.0", "", {}, "sha512-Db1SbgBS/fg/392AblrMJk97KggmvYhr4pB5ZIMTWtaivCPMWLkmb7m21cJvpvgK+J3nsU2CmmixNBZx4vFj/w=="],

    "bun": ["bun@1.2.21", "", { "optionalDependencies": { "@oven/bun-darwin-aarch64": "1.2.21", "@oven/bun-darwin-x64": "1.2.21", "@oven/bun-darwin-x64-baseline": "1.2.21", "@oven/bun-linux-aarch64": "1.2.21", "@oven/bun-linux-aarch64-musl": "1.2.21", "@oven/bun-linux-x64": "1.2.21", "@oven/bun-linux-x64-baseline": "1.2.21", "@oven/bun-linux-x64-musl": "1.2.21", "@oven/bun-linux-x64-musl-baseline": "1.2.21", "@oven/bun-windows-x64": "1.2.21", "@oven/bun-windows-x64-baseline": "1.2.21" }, "os": [ "linux", "win32", "darwin", ], "cpu": [ "x64", "arm64", ], "bin": { "bun": "bin/bun.exe", "bunx": "bin/bunx.exe" } }, "sha512-y0lJ02dS90U3PJm+7KAKY8Se95AQvP5Xm77LouUwrpNOHpv59kBG4SK1+9iE1cAhpUaFipq+0EJ56S6MmE3row=="],

    "bun-types": ["bun-types@1.2.21", "", { "dependencies": { "@types/node": "*" }, "peerDependencies": { "@types/react": "^19" } }, "sha512-sa2Tj77Ijc/NTLS0/Odjq/qngmEPZfbfnOERi0KRUYhT9R8M4VBioWVmMWE5GrYbKMc+5lVybXygLdibHaqVqw=="],

    "chownr": ["chownr@2.0.0", "", {}, "sha512-bIomtDF5KGpdogkLd9VspvFzk9KfpyyGlS8YFVZl7TGPBHL5snIOnxeshwVgPteQ9b4Eydl+pVbIyE1DcvCWgQ=="],

    "color-convert": ["color-convert@2.0.1", "", { "dependencies": { "color-name": "~1.1.4" } }, "sha512-RRECPsj7iu/xb5oKYcsFHSppFNnsj/52OVTRKb4zP5onXwVF3zVmmToNcOfGC+CRDpfK/U584fMg38ZHCaElKQ=="],

    "color-name": ["color-name@1.1.4", "", {}, "sha512-dOy+3AuW3a2wNbZHIuMZpTcgjGuLU/uBL/ubcZF9OXbDo8ff4O8yVp5Bf0efS8uEoYo5q4Fx7dY9OgQGXgAsQA=="],

    "compress-commons": ["compress-commons@6.0.2", "", { "dependencies": { "crc-32": "^1.2.0", "crc32-stream": "^6.0.0", "is-stream": "^2.0.1", "normalize-path": "^3.0.0", "readable-stream": "^4.0.0" } }, "sha512-6FqVXeETqWPoGcfzrXb37E50NP0LXT8kAMu5ooZayhWWdgEY4lBEEcbQNXtkuKQsGduxiIcI4gOTsxTmuq/bSg=="],

    "core-util-is": ["core-util-is@1.0.3", "", {}, "sha512-ZQBvi1DcpJ4GDqanjucZ2Hj3wEO5pZDS89BWbkcrvdxksJorwUDDZamX9ldFkp9aw2lmBDLgkObEA4DWNJ9FYQ=="],

    "crc-32": ["crc-32@1.2.2", "", { "bin": { "crc32": "bin/crc32.njs" } }, "sha512-ROmzCKrTnOwybPcJApAA6WBWij23HVfGVNKqqrZpuyZOHqK2CwHSvpGuyt/UNNvaIjEd8X5IFGp4Mh+Ie1IHJQ=="],

    "crc32-stream": ["crc32-stream@6.0.0", "", { "dependencies": { "crc-32": "^1.2.0", "readable-stream": "^4.0.0" } }, "sha512-piICUB6ei4IlTv1+653yq5+KoqfBYmj9bw6LqXoOneTMDXk5nM1qt12mFW1caG3LlJXEKW1Bp0WggEmIfQB34g=="],

    "cross-spawn": ["cross-spawn@7.0.6", "", { "dependencies": { "path-key": "^3.1.0", "shebang-command": "^2.0.0", "which": "^2.0.1" } }, "sha512-uV2QOWP2nWzsy2aMp8aRibhi9dlzF5Hgh5SHaB9OiTGEyDTiJJyx0uy51QXdyWbtAHNua4XJzUKca3OzKUd3vA=="],

    "csstype": ["csstype@3.1.3", "", {}, "sha512-M1uQkMl8rQK/szD0LNhtqxIPLpimGm8sOBwU7lLnCpSbTyY3yeU1Vc7l4KT5zT4s/yOxHH5O7tIuuLOCnLADRw=="],

    "eastasianwidth": ["eastasianwidth@0.2.0", "", {}, "sha512-I88TYZWc9XiYHRQ4/3c5rjjfgkjhLyW2luGIheGERbNQ6OY7yTybanSpDXZa8y7VUP9YmDcYa+eyq4ca7iLqWA=="],

    "electrobun": ["electrobun@0.1.2", "", { "dependencies": { "@oneidentity/zstd-js": "^1.0.3", "archiver": "^7.0.1", "rpc-anywhere": "1.5.0", "tar": "^6.2.1" }, "bin": { "electrobun": "bin/electrobun.cjs" } }, "sha512-btN9sdBHPTzEm9Wkghbz+bCtRbidkm0XvSUYl2XKObaxCI2CfDfA+0+h1ulxGWML+7RqMPQJxB8lTX3J//RQ3A=="],

    "emoji-regex": ["emoji-regex@9.2.2", "", {}, "sha512-L18DaJsXSUk2+42pv8mLs5jJT2hqFkFE4j21wOmgbUqsZ2hL72NsUU785g9RXgo3s0ZNgVl42TiHp3ZtOv/Vyg=="],

    "event-target-shim": ["event-target-shim@5.0.1", "", {}, "sha512-i/2XbnSz/uxRCU6+NdVJgKWDTM427+MqYbkQzD321DuCQJUqOuJKIA0IM2+W2xtYHdKOmZ4dR6fExsd4SXL+WQ=="],

    "events": ["events@3.3.0", "", {}, "sha512-mQw+2fkQbALzQ7V0MY0IqdnXNOeTtP4r0lN9z7AAawCXgqea7bDii20AYrIBrFd/Hx0M2Ocz6S111CaFkUcb0Q=="],

    "fast-fifo": ["fast-fifo@1.3.2", "", {}, "sha512-/d9sfos4yxzpwkDkuN7k2SqFKtYNmCTzgfEpz82x34IM9/zc8KGxQoXg1liNC/izpRM/MBdt44Nmx41ZWqk+FQ=="],

    "foreground-child": ["foreground-child@3.3.1", "", { "dependencies": { "cross-spawn": "^7.0.6", "signal-exit": "^4.0.1" } }, "sha512-gIXjKqtFuWEgzFRJA9WCQeSJLZDjgJUOMCMzxtvFq/37KojM1BFGufqsCy0r4qSQmYLsZYMeyRqzIWOMup03sw=="],

    "fs-minipass": ["fs-minipass@2.1.0", "", { "dependencies": { "minipass": "^3.0.0" } }, "sha512-V/JgOLFCS+R6Vcq0slCuaeWEdNC3ouDlJMNIsacH2VtALiu9mV4LPrHc5cDl8k5aw6J8jwgWWpiTo5RYhmIzvg=="],

    "glob": ["glob@10.4.5", "", { "dependencies": { "foreground-child": "^3.1.0", "jackspeak": "^3.1.2", "minimatch": "^9.0.4", "minipass": "^7.1.2", "package-json-from-dist": "^1.0.0", "path-scurry": "^1.11.1" }, "bin": { "glob": "dist/esm/bin.mjs" } }, "sha512-7Bv8RF0k6xjo7d4A/PxYLbUCfb6c+Vpd2/mB2yRDlew7Jb5hEXiCD9ibfO7wpk8i4sevK6DFny9h7EYbM3/sHg=="],

    "graceful-fs": ["graceful-fs@4.2.11", "", {}, "sha512-RbJ5/jmFcNNCcDV5o9eTnBLJ/HszWV0P73bc+Ff4nS/rJj+YaS6IGyiOL0VoBYX+l1Wrl3k63h/KrH+nhJ0XvQ=="],

    "ieee754": ["ieee754@1.2.1", "", {}, "sha512-dcyqhDvX1C46lXZcVqCpK+FtMRQVdIMN6/Df5js2zouUsqG7I6sFxitIC+7KYK29KdXOLHdu9zL4sFnoVQnqaA=="],

    "inherits": ["inherits@2.0.4", "", {}, "sha512-k/vGaX4/Yla3WzyMCvTQOXYeIHvqOKtnqBduzTHpzpQZzAskKMhZ2K+EnBiSM9zGSoIFeMpXKxa4dYeZIQqewQ=="],

    "install": ["install@0.13.0", "", {}, "sha512-zDml/jzr2PKU9I8J/xyZBQn8rPCAY//UOYNmR01XwNwyfhEWObo2SWfSl1+0tm1u6PhxLwDnfsT/6jB7OUxqFA=="],

    "is-fullwidth-code-point": ["is-fullwidth-code-point@3.0.0", "", {}, "sha512-zymm5+u+sCsSWyD9qNaejV3DFvhCKclKdizYaJUuHA83RLjb7nSuGnddCHGv0hk+KY7BMAlsWeK4Ueg6EV6XQg=="],

    "is-stream": ["is-stream@2.0.1", "", {}, "sha512-hFoiJiTl63nn+kstHGBtewWSKnQLpyb155KHheA1l39uvtO9nWIop1p3udqPcUd/xbF1VLMO4n7OI6p7RbngDg=="],

    "isarray": ["isarray@1.0.0", "", {}, "sha512-VLghIWNM6ELQzo7zwmcg0NmTVyWKYjvIeM83yjp0wRDTmUnrM678fQbcKBo6n2CJEF0szoG//ytg+TKla89ALQ=="],

    "isexe": ["isexe@2.0.0", "", {}, "sha512-RHxMLp9lnKHGHRng9QFhRCMbYAcVpn69smSGcq3f36xjgVVWThj4qqLbTLlq7Ssj8B+fIQ1EuCEGI2lKsyQeIw=="],

    "jackspeak": ["jackspeak@3.4.3", "", { "dependencies": { "@isaacs/cliui": "^8.0.2" }, "optionalDependencies": { "@pkgjs/parseargs": "^0.11.0" } }, "sha512-OGlZQpz2yfahA/Rd1Y8Cd9SIEsqvXkLVoSw/cgwhnhFMDbsQFeZYoJJ7bIZBS9BcamUW96asq/npPWugM+RQBw=="],

    "lazystream": ["lazystream@1.0.1", "", { "dependencies": { "readable-stream": "^2.0.5" } }, "sha512-b94GiNHQNy6JNTrt5w6zNyffMrNkXZb3KTkCZJb2V1xaEGCk093vkZ2jk3tpaeP33/OiXC+WvK9AxUebnf5nbw=="],

    "lodash": ["lodash@4.17.21", "", {}, "sha512-v2kDEe57lecTulaDIuNTPy3Ry4gLGJ6Z1O3vE1krgXZNrsQ+LFTGHVxVjcXPs17LhbZVGedAJv8XZ1tvj5FvSg=="],

    "lru-cache": ["lru-cache@10.4.3", "", {}, "sha512-JNAzZcXrCt42VGLuYz0zfAzDfAvJWW6AfYlDBQyDV5DClI2m5sAmK+OIO7s59XfsRsWHp02jAJrRadPRGTt6SQ=="],

    "minimatch": ["minimatch@5.1.6", "", { "dependencies": { "brace-expansion": "^2.0.1" } }, "sha512-lKwV/1brpG6mBUFHtb7NUmtABCb2WZZmm2wNiOA5hAb8VdCS4B3dtMWyvcoViccwAW/COERjXLt0zP1zXUN26g=="],

    "minipass": ["minipass@5.0.0", "", {}, "sha512-3FnjYuehv9k6ovOEbyOswadCDPX1piCfhV8ncmYtHOjuPwylVWsghTLo7rabjC3Rx5xD4HDx8Wm1xnMF7S5qFQ=="],

    "minizlib": ["minizlib@2.1.2", "", { "dependencies": { "minipass": "^3.0.0", "yallist": "^4.0.0" } }, "sha512-bAxsR8BVfj60DWXHE3u30oHzfl4G7khkSuPW+qvpd7jFRHm7dLxOjUk1EHACJ/hxLY8phGJ0YhYHZo7jil7Qdg=="],

    "mkdirp": ["mkdirp@1.0.4", "", { "bin": { "mkdirp": "bin/cmd.js" } }, "sha512-vVqVZQyf3WLx2Shd0qJ9xuvqgAyKPLAiqITEtqW0oIUjzo3PePDd6fW9iFz30ef7Ysp/oiWqbhszeGWW2T6Gzw=="],

    "normalize-path": ["normalize-path@3.0.0", "", {}, "sha512-6eZs5Ls3WtCisHWp9S2GUy8dqkpGi4BVSz3GaqiE6ezub0512ESztXUwUB6C6IKbQkY2Pnb/mD4WYojCRwcwLA=="],

    "package-json-from-dist": ["package-json-from-dist@1.0.1", "", {}, "sha512-UEZIS3/by4OC8vL3P2dTXRETpebLI2NiI5vIrjaD/5UtrkFX/tNbwjTSRAGC/+7CAo2pIcBaRgWmcBBHcsaCIw=="],

    "path-key": ["path-key@3.1.1", "", {}, "sha512-ojmeN0qd+y0jszEtoY48r0Peq5dwMEkIlCOu6Q5f41lfkswXuKtYrhgoTpLnyIcHm24Uhqx+5Tqm2InSwLhE6Q=="],

    "path-scurry": ["path-scurry@1.11.1", "", { "dependencies": { "lru-cache": "^10.2.0", "minipass": "^5.0.0 || ^6.0.2 || ^7.0.0" } }, "sha512-Xa4Nw17FS9ApQFJ9umLiJS4orGjm7ZzwUrwamcGQuHSzDyth9boKDaycYdDcZDuqYATXw4HFXgaqWTctW/v1HA=="],

    "process": ["process@0.11.10", "", {}, "sha512-cdGef/drWFoydD1JsMzuFf8100nZl+GT+yacc2bEced5f9Rjk4z+WtFUTBu9PhOi9j/jfmBPu0mMEY4wIdAF8A=="],

    "process-nextick-args": ["process-nextick-args@2.0.1", "", {}, "sha512-3ouUOpQhtgrbOa17J7+uxOTpITYWaGP7/AhoR3+A+/1e9skrzelGi/dXzEYyvbxubEF6Wn2ypscTKiKJFFn1ag=="],

    "readable-stream": ["readable-stream@4.7.0", "", { "dependencies": { "abort-controller": "^3.0.0", "buffer": "^6.0.3", "events": "^3.3.0", "process": "^0.11.10", "string_decoder": "^1.3.0" } }, "sha512-oIGGmcpTLwPga8Bn6/Z75SVaH1z5dUut2ibSyAMVhmUggWpmDn2dapB0n7f8nwaSiRtepAsfJyfXIO5DCVAODg=="],

    "readdir-glob": ["readdir-glob@1.1.3", "", { "dependencies": { "minimatch": "^5.1.0" } }, "sha512-v05I2k7xN8zXvPD9N+z/uhXPaj0sUFCe2rcWZIpBsqxfP7xXFQ0tipAd/wjj1YxWyWtUS5IDJpOG82JKt2EAVA=="],

    "rpc-anywhere": ["rpc-anywhere@1.5.0", "", { "dependencies": { "browser-namespace": "^1.4.0" } }, "sha512-ZYrB0foAM4oE7oBnUH3BL7LwtW9d6+RkzL/rFnjj8GCaFt5c81Rbw6oVl6u9AMsGONsKeJX0mL62TpbPXSO6og=="],

    "safe-buffer": ["safe-buffer@5.2.1", "", {}, "sha512-rp3So07KcdmmKbGvgaNxQSJr7bGVSVk5S9Eq1F+ppbRo70+YeaDxkw5Dd8NPN+GD6bjnYm2VuPuCXmpuYvmCXQ=="],

    "shebang-command": ["shebang-command@2.0.0", "", { "dependencies": { "shebang-regex": "^3.0.0" } }, "sha512-kHxr2zZpYtdmrN1qDjrrX/Z1rR1kG8Dx+gkpK1G4eXmvXswmcE1hTWBWYUzlraYw1/yZp6YuDY77YtvbN0dmDA=="],

    "shebang-regex": ["shebang-regex@3.0.0", "", {}, "sha512-7++dFhtcx3353uBaq8DDR4NuxBetBzC7ZQOhmTQInHEd6bSrXdiEyzCvG07Z44UYdLShWUyXt5M/yhz8ekcb1A=="],

    "signal-exit": ["signal-exit@4.1.0", "", {}, "sha512-bzyZ1e88w9O1iNJbKnOlvYTrWPDl46O1bG0D3XInv+9tkPrxrN8jUUTiFlDkkmKWgn1M6CfIA13SuGqOa9Korw=="],

    "streamx": ["streamx@2.22.1", "", { "dependencies": { "fast-fifo": "^1.3.2", "text-decoder": "^1.1.0" }, "optionalDependencies": { "bare-events": "^2.2.0" } }, "sha512-znKXEBxfatz2GBNK02kRnCXjV+AA4kjZIUxeWSr3UGirZMJfTE9uiwKHobnbgxWyL/JWro8tTq+vOqAK1/qbSA=="],

    "string-width": ["string-width@5.1.2", "", { "dependencies": { "eastasianwidth": "^0.2.0", "emoji-regex": "^9.2.2", "strip-ansi": "^7.0.1" } }, "sha512-HnLOCR3vjcY8beoNLtcjZ5/nxn2afmME6lhrDrebokqMap+XbeW8n9TXpPDOqdGK5qcI3oT0GKTW6wC7EMiVqA=="],

    "string-width-cjs": ["string-width@4.2.3", "", { "dependencies": { "emoji-regex": "^8.0.0", "is-fullwidth-code-point": "^3.0.0", "strip-ansi": "^6.0.1" } }, "sha512-wKyQRQpjJ0sIp62ErSZdGsjMJWsap5oRNihHhu6G7JVO/9jIB6UyevL+tXuOqrng8j/cxKTWyWUwvSTriiZz/g=="],

    "string_decoder": ["string_decoder@1.3.0", "", { "dependencies": { "safe-buffer": "~5.2.0" } }, "sha512-hkRX8U1WjJFd8LsDJ2yQ/wWWxaopEsABU1XfkM8A+j0+85JAGppt16cr1Whg6KIbb4okU6Mql6BOj+uup/wKeA=="],

    "strip-ansi": ["strip-ansi@7.1.0", "", { "dependencies": { "ansi-regex": "^6.0.1" } }, "sha512-iq6eVVI64nQQTRYq2KtEg2d2uU7LElhTJwsH4YzIHZshxlgZms/wIc4VoDQTlG/IvVIrBKG06CrZnp0qv7hkcQ=="],

    "strip-ansi-cjs": ["strip-ansi@6.0.1", "", { "dependencies": { "ansi-regex": "^5.0.1" } }, "sha512-Y38VPSHcqkFrCpFnQ9vuSXmquuv5oXOKpGeT6aGrr3o3Gc9AlVa6JBfUSOCnbxGGZF+/0ooI7KrPuUSztUdU5A=="],

    "tar": ["tar@6.2.1", "", { "dependencies": { "chownr": "^2.0.0", "fs-minipass": "^2.0.0", "minipass": "^5.0.0", "minizlib": "^2.1.1", "mkdirp": "^1.0.3", "yallist": "^4.0.0" } }, "sha512-DZ4yORTwrbTj/7MZYq2w+/ZFdI6OZ/f9SFHR+71gIVUZhOQPHzVCLpvRnPgyaMpfWxxk/4ONva3GQSyNIKRv6A=="],

    "tar-stream": ["tar-stream@3.1.7", "", { "dependencies": { "b4a": "^1.6.4", "fast-fifo": "^1.2.0", "streamx": "^2.15.0" } }, "sha512-qJj60CXt7IU1Ffyc3NJMjh6EkuCFej46zUqJ4J7pqYlThyd9bO0XBTmcOIhSzZJVWfsLks0+nle/j538YAW9RQ=="],

    "text-decoder": ["text-decoder@1.2.3", "", { "dependencies": { "b4a": "^1.6.4" } }, "sha512-3/o9z3X0X0fTupwsYvR03pJ/DjWuqqrfwBgTQzdWDiQSm9KitAyz/9WqsT2JQW7KV2m+bC2ol/zqpW37NHxLaA=="],

    "three": ["three@0.180.0", "", {}, "sha512-o+qycAMZrh+TsE01GqWUxUIKR1AL0S8pq7zDkYOQw8GqfX8b8VoCKYUoHbhiX5j+7hr8XsuHDVU6+gkQJQKg9w=="],

    "tree": ["tree@0.1.3", "", { "dependencies": { "underscore": "" } }, "sha512-Ivzs8BGRW8kWt7V6hD2yJC0028eUkaLWfPcbhcA/1jitHQJReZRQ2x8zqf4MtU+cNNkFYnadqg7AWzMMvrW9vA=="],

    "typescript": ["typescript@5.9.2", "", { "bin": { "tsc": "bin/tsc", "tsserver": "bin/tsserver" } }, "sha512-CWBzXQrc/qOkhidw1OzBTQuYRbfyxDXJMVJ1XNwUHGROVmuaeiEm3OslpZ1RV96d7SKKjZKrSJu3+t/xlw3R9A=="],

    "underscore": ["underscore@1.13.7", "", {}, "sha512-GMXzWtsc57XAtguZgaQViUOzs0KTkk8ojr3/xAxXLITqf/3EMwxC0inyETfDFjH/Krbhuep0HNbbjI9i/q3F3g=="],

    "undici-types": ["undici-types@7.10.0", "", {}, "sha512-t5Fy/nfn+14LuOc2KNYg75vZqClpAiqscVvMygNnlsHBFpSXdJaYtXMcdNLpl/Qvc3P2cB3s6lOV51nqsFq4ag=="],

    "util-deprecate": ["util-deprecate@1.0.2", "", {}, "sha512-EPD5q1uXyFxJpCrLnCc1nHnq3gOa6DZBocAIiI2TaSCA7VCJ1UJDMagCzIkXNsUYfD1daK//LTEQ8xiIbrHtcw=="],

    "which": ["which@2.0.2", "", { "dependencies": { "isexe": "^2.0.0" }, "bin": { "node-which": "./bin/node-which" } }, "sha512-BLI3Tl1TW3Pvl70l3yq3Y64i+awpwXqsGBYWkkqMtnbXgrMD+yj7rhW0kuEDxzJaYXGjEW5ogapKNMEKNMjibA=="],

    "wrap-ansi": ["wrap-ansi@8.1.0", "", { "dependencies": { "ansi-styles": "^6.1.0", "string-width": "^5.0.1", "strip-ansi": "^7.0.1" } }, "sha512-si7QWI6zUMq56bESFvagtmzMdGOtoxfR+Sez11Mobfc7tm+VkUckk9bW2UeffTGVUbOksxmSw0AA2gs8g71NCQ=="],

    "wrap-ansi-cjs": ["wrap-ansi@7.0.0", "", { "dependencies": { "ansi-styles": "^4.0.0", "string-width": "^4.1.0", "strip-ansi": "^6.0.0" } }, "sha512-YVGIj2kamLSTxw6NsZjoBxfSwsn0ycdesmc4p+Q21c5zPuZ1pl+NfxVdxPtdHvmNVOQ6XSYG4AUtyt/Fi7D16Q=="],

    "yallist": ["yallist@4.0.0", "", {}, "sha512-3wdGidZyq5PB084XLES5TpOSRA3wjXAlIWMhum2kRcv/41Sn2emQ0dycQW4uZXLejwKvg6EsvbdlVL+FYEct7A=="],

    "zip-stream": ["zip-stream@6.0.1", "", { "dependencies": { "archiver-utils": "^5.0.0", "compress-commons": "^6.0.2", "readable-stream": "^4.0.0" } }, "sha512-zK7YHHz4ZXpW89AHXUPbQVGKI7uvkd3hzusTdotCg1UxyaVtg0zFJSTfW/Dq5f7OBBVnq6cZIaC8Ti4hb6dtCA=="],

    "@pixiv/types-vrmc-vrm-animation-1.0/@pixiv/types-vrmc-vrm-1.0": ["@pixiv/types-vrmc-vrm-1.0@2.0.3", "", {}, "sha512-RMP34Bk1qLFQv/CRB1Zqvn2qMFfWQfP2Hms5QrrfoBsW9XroZdEe0zPLNbGmUPYh4F7VtBb+B7+RCuymRtpehA=="],

    "fs-minipass/minipass": ["minipass@3.3.6", "", { "dependencies": { "yallist": "^4.0.0" } }, "sha512-DxiNidxSEK+tHG6zOIklvNOwm3hvCrbUrdtzY74U6HKTJxvIDfOUL5W5P2Ghd3DTkhhKPYGqeNUIh5qcM4YBfw=="],

    "glob/minimatch": ["minimatch@9.0.5", "", { "dependencies": { "brace-expansion": "^2.0.1" } }, "sha512-G6T0ZX48xgozx7587koeX9Ys2NYy6Gmv//P89sEte9V9whIapMNF4idKxnW2QtCcLiTWlb/wfCabAtAFWhhBow=="],

    "glob/minipass": ["minipass@7.1.2", "", {}, "sha512-qOOzS1cBTWYF4BH8fVePDBOO9iptMnGUEZwNc/cMWnTV2nVLZ7VoNWEPHkYczZA0pdoA7dl6e7FL659nX9S2aw=="],

    "lazystream/readable-stream": ["readable-stream@2.3.8", "", { "dependencies": { "core-util-is": "~1.0.0", "inherits": "~2.0.3", "isarray": "~1.0.0", "process-nextick-args": "~2.0.0", "safe-buffer": "~5.1.1", "string_decoder": "~1.1.1", "util-deprecate": "~1.0.1" } }, "sha512-8p0AUk4XODgIewSi0l8Epjs+EVnWiK7NoDIEGU0HhE7+ZyY8D1IMY7odu5lRrFXGg71L15KG8QrPmum45RTtdA=="],

    "minizlib/minipass": ["minipass@3.3.6", "", { "dependencies": { "yallist": "^4.0.0" } }, "sha512-DxiNidxSEK+tHG6zOIklvNOwm3hvCrbUrdtzY74U6HKTJxvIDfOUL5W5P2Ghd3DTkhhKPYGqeNUIh5qcM4YBfw=="],

    "path-scurry/minipass": ["minipass@7.1.2", "", {}, "sha512-qOOzS1cBTWYF4BH8fVePDBOO9iptMnGUEZwNc/cMWnTV2nVLZ7VoNWEPHkYczZA0pdoA7dl6e7FL659nX9S2aw=="],

    "string-width-cjs/emoji-regex": ["emoji-regex@8.0.0", "", {}, "sha512-MSjYzcWNOA0ewAHpz0MxpYFvwg6yjy1NG3xteoqz644VCo/RPgnr1/GGt+ic3iJTzQ8Eu3TdM14SawnVUmGE6A=="],

    "string-width-cjs/strip-ansi": ["strip-ansi@6.0.1", "", { "dependencies": { "ansi-regex": "^5.0.1" } }, "sha512-Y38VPSHcqkFrCpFnQ9vuSXmquuv5oXOKpGeT6aGrr3o3Gc9AlVa6JBfUSOCnbxGGZF+/0ooI7KrPuUSztUdU5A=="],

    "strip-ansi-cjs/ansi-regex": ["ansi-regex@5.0.1", "", {}, "sha512-quJQXlTSUGL2LH9SUXo8VwsY4soanhgo6LNSm84E1LBcE8s3O0wpdiRzyR9z/ZZJMlMWv37qOOb9pdJlMUEKFQ=="],

    "wrap-ansi-cjs/ansi-styles": ["ansi-styles@4.3.0", "", { "dependencies": { "color-convert": "^2.0.1" } }, "sha512-zbB9rCJAT1rbjiVDb2hqKFHNYLxgtk8NURxZ3IZwD3F6NtxbXZQCnnSi1Lkx+IDohdPlFp222wVALIheZJQSEg=="],

    "wrap-ansi-cjs/string-width": ["string-width@4.2.3", "", { "dependencies": { "emoji-regex": "^8.0.0", "is-fullwidth-code-point": "^3.0.0", "strip-ansi": "^6.0.1" } }, "sha512-wKyQRQpjJ0sIp62ErSZdGsjMJWsap5oRNihHhu6G7JVO/9jIB6UyevL+tXuOqrng8j/cxKTWyWUwvSTriiZz/g=="],

    "wrap-ansi-cjs/strip-ansi": ["strip-ansi@6.0.1", "", { "dependencies": { "ansi-regex": "^5.0.1" } }, "sha512-Y38VPSHcqkFrCpFnQ9vuSXmquuv5oXOKpGeT6aGrr3o3Gc9AlVa6JBfUSOCnbxGGZF+/0ooI7KrPuUSztUdU5A=="],

    "lazystream/readable-stream/safe-buffer": ["safe-buffer@5.1.2", "", {}, "sha512-Gd2UZBJDkXlY7GbJxfsE8/nvKkUEU1G38c1siN6QP6a9PT9MmHB8GnpscSmMJSoF8LOIrt8ud/wPtojys4G6+g=="],

    "lazystream/readable-stream/string_decoder": ["string_decoder@1.1.1", "", { "dependencies": { "safe-buffer": "~5.1.0" } }, "sha512-n/ShnvDi6FHbbVfviro+WojiFzv+s8MPMHBczVePfUpDJLwoLT0ht1l4YwBCbi8pJAveEEdnkHyPyTP/mzRfwg=="],

    "string-width-cjs/strip-ansi/ansi-regex": ["ansi-regex@5.0.1", "", {}, "sha512-quJQXlTSUGL2LH9SUXo8VwsY4soanhgo6LNSm84E1LBcE8s3O0wpdiRzyR9z/ZZJMlMWv37qOOb9pdJlMUEKFQ=="],

    "wrap-ansi-cjs/string-width/emoji-regex": ["emoji-regex@8.0.0", "", {}, "sha512-MSjYzcWNOA0ewAHpz0MxpYFvwg6yjy1NG3xteoqz644VCo/RPgnr1/GGt+ic3iJTzQ8Eu3TdM14SawnVUmGE6A=="],

    "wrap-ansi-cjs/strip-ansi/ansi-regex": ["ansi-regex@5.0.1", "", {}, "sha512-quJQXlTSUGL2LH9SUXo8VwsY4soanhgo6LNSm84E1LBcE8s3O0wpdiRzyR9z/ZZJMlMWv37qOOb9pdJlMUEKFQ=="],
  }
}
